{
  "name": "excelexport",
  "version": "1.0.0",
  "lockfileVersion": 2,
  "requires": true,
  "packages": {
    "": {
      "name": "excelexport",
      "version": "1.0.0",
      "license": "ISC",
      "devDependencies": {
        "@types/node-xlsx": "^0.15.2"
      }
    },
    "node_modules/@types/node-xlsx": {
      "version": "0.15.2",
      "resolved": "https://registry.nlark.com/@types/node-xlsx/download/@types/node-xlsx-0.15.2.tgz",
      "integrity": "sha1-E3HEr4/itmJiU/i4Vxmt/og1WyA=",
      "dev": true
    }
  },
  "dependencies": {
    "@types/node-xlsx": {
      "version": "0.15.2",
      "resolved": "https://registry.nlark.com/@types/node-xlsx/download/@types/node-xlsx-0.15.2.tgz",
      "integrity": "sha1-E3HEr4/itmJiU/i4Vxmt/og1WyA=",
      "dev": true
    }
  }
}
